
Microsoft Visual Studio Solution File, Format Version 12.00
# Visual Studio Version 16
VisualStudioVersion = 16.0.29519.181
MinimumVisualStudioVersion = 10.0.40219.1
Project("{FAE04EC0-301F-11D3-BF4B-00C04F79EFBC}") = "1", "1\1.csproj", "{EFFCF84B-ECB8-4FD8-A3F0-1C4E99C81301}"
EndProject
Project("{FAE04EC0-301F-11D3-BF4B-00C04F79EFBC}") = "Logic", "Logic\Logic.csproj", "{3FBD1389-492E-43BF-8089-121BF5218940}"
EndProject
Project("{FAE04EC0-301F-11D3-BF4B-00C04F79EFBC}") = "2", "2\2.csproj", "{8F49D461-EF30-4324-B8FE-82ADD7104A18}"
EndProject
Project("{FAE04EC0-301F-11D3-BF4B-00C04F79EFBC}") = "3", "3\3.csproj", "{8DCB81AC-910B-41D1-9456-5DCC635B46FF}"
EndProject
Project("{FAE04EC0-301F-11D3-BF4B-00C04F79EFBC}") = "4", "4\4.csproj", "{DCE91CA9-F646-42DC-9918-38E78DF1E89E}"
EndProject
Project("{FAE04EC0-301F-11D3-BF4B-00C04F79EFBC}") = "5", "5\5.csproj", "{F61E0AD1-EA44-48E6-91B9-389455772015}"
EndProject
Project("{FAE04EC0-301F-11D3-BF4B-00C04F79EFBC}") = "6", "6\6.csproj", "{32DA05F7-D699-42C3-9FEC-4D4390ED9FB4}"
EndProject
Global
	GlobalSection(SolutionConfigurationPlatforms) = preSolution
		Debug|Any CPU = Debug|Any CPU
		Release|Any CPU = Release|Any CPU
	EndGlobalSection
	GlobalSection(ProjectConfigurationPlatforms) = postSolution
		{EFFCF84B-ECB8-4FD8-A3F0-1C4E99C81301}.Debug|Any CPU.ActiveCfg = Debug|Any CPU
		{EFFCF84B-ECB8-4FD8-A3F0-1C4E99C81301}.Debug|Any CPU.Build.0 = Debug|Any CPU
		{EFFCF84B-ECB8-4FD8-A3F0-1C4E99C81301}.Release|Any CPU.ActiveCfg = Release|Any CPU
		{EFFCF84B-ECB8-4FD8-A3F0-1C4E99C81301}.Release|Any CPU.Build.0 = Release|Any CPU
		{3FBD1389-492E-43BF-8089-121BF5218940}.Debug|Any CPU.ActiveCfg = Debug|Any CPU
		{3FBD1389-492E-43BF-8089-121BF5218940}.Debug|Any CPU.Build.0 = Debug|Any CPU
		{3FBD1389-492E-43BF-8089-121BF5218940}.Release|Any CPU.ActiveCfg = Release|Any CPU
		{3FBD1389-492E-43BF-8089-121BF5218940}.Release|Any CPU.Build.0 = Release|Any CPU
		{8F49D461-EF30-4324-B8FE-82ADD7104A18}.Debug|Any CPU.ActiveCfg = Debug|Any CPU
		{8F49D461-EF30-4324-B8FE-82ADD7104A18}.Debug|Any CPU.Build.0 = Debug|Any CPU
		{8F49D461-EF30-4324-B8FE-82ADD7104A18}.Release|Any CPU.ActiveCfg = Release|Any CPU
		{8F49D461-EF30-4324-B8FE-82ADD7104A18}.Release|Any CPU.Build.0 = Release|Any CPU
		{8DCB81AC-910B-41D1-9456-5DCC635B46FF}.Debug|Any CPU.ActiveCfg = Debug|Any CPU
		{8DCB81AC-910B-41D1-9456-5DCC635B46FF}.Debug|Any CPU.Build.0 = Debug|Any CPU
		{8DCB81AC-910B-41D1-9456-5DCC635B46FF}.Release|Any CPU.ActiveCfg = Release|Any CPU
		{8DCB81AC-910B-41D1-9456-5DCC635B46FF}.Release|Any CPU.Build.0 = Release|Any CPU
		{DCE91CA9-F646-42DC-9918-38E78DF1E89E}.Debug|Any CPU.ActiveCfg = Debug|Any CPU
		{DCE91CA9-F646-42DC-9918-38E78DF1E89E}.Debug|Any CPU.Build.0 = Debug|Any CPU
		{DCE91CA9-F646-42DC-9918-38E78DF1E89E}.Release|Any CPU.ActiveCfg = Release|Any CPU
		{DCE91CA9-F646-42DC-9918-38E78DF1E89E}.Release|Any CPU.Build.0 = Release|Any CPU
		{F61E0AD1-EA44-48E6-91B9-389455772015}.Debug|Any CPU.ActiveCfg = Debug|Any CPU
		{F61E0AD1-EA44-48E6-91B9-389455772015}.Debug|Any CPU.Build.0 = Debug|Any CPU
		{F61E0AD1-EA44-48E6-91B9-389455772015}.Release|Any CPU.ActiveCfg = Release|Any CPU
		{F61E0AD1-EA44-48E6-91B9-389455772015}.Release|Any CPU.Build.0 = Release|Any CPU
		{32DA05F7-D699-42C3-9FEC-4D4390ED9FB4}.Debug|Any CPU.ActiveCfg = Debug|Any CPU
		{32DA05F7-D699-42C3-9FEC-4D4390ED9FB4}.Debug|Any CPU.Build.0 = Debug|Any CPU
		{32DA05F7-D699-42C3-9FEC-4D4390ED9FB4}.Release|Any CPU.ActiveCfg = Release|Any CPU
		{32DA05F7-D699-42C3-9FEC-4D4390ED9FB4}.Release|Any CPU.Build.0 = Release|Any CPU
	EndGlobalSection
	GlobalSection(SolutionProperties) = preSolution
		HideSolutionNode = FALSE
	EndGlobalSection
	GlobalSection(ExtensibilityGlobals) = postSolution
		SolutionGuid = {81451F6A-89AF-4DB8-B1EC-71D5B17ACD70}
	EndGlobalSection
EndGlobal
